
Microsoft Visual Studio Solution File, Format Version 12.00
# Visual Studio 2013
VisualStudioVersion = 12.0.40629.0
MinimumVisualStudioVersion = 10.0.40219.1
Project("{54435603-DBB4-11D2-8724-00A0C9A8B90C}") = "xmalab_installer_generator", "xmalab_installer_generator\xmalab_installer_generator.vdproj", "{E4E69316-4A44-4244-B5ED-19FE5DEB0185}"
EndProject
Global
	GlobalSection(SolutionConfigurationPlatforms) = preSolution
		Debug|Default = Debug|Default
		Release|Default = Release|Default
	EndGlobalSection
	GlobalSection(ProjectConfigurationPlatforms) = postSolution
		{E4E69316-4A44-4244-B5ED-19FE5DEB0185}.Debug|Default.ActiveCfg = Debug
		{E4E69316-4A44-4244-B5ED-19FE5DEB0185}.Debug|Default.Build.0 = Debug
		{E4E69316-4A44-4244-B5ED-19FE5DEB0185}.Release|Default.ActiveCfg = Release
		{E4E69316-4A44-4244-B5ED-19FE5DEB0185}.Release|Default.Build.0 = Release
	EndGlobalSection
	GlobalSection(SolutionProperties) = preSolution
		HideSolutionNode = FALSE
	EndGlobalSection
EndGlobal
